# Generated by pub
# See https://dart.dev/tools/pub/glossary#lockfile
packages:
  _fe_analyzer_shared:
    dependency: transitive
    description:
      name: _fe_analyzer_shared
      sha256: ae92f5d747aee634b87f89d9946000c2de774be1d6ac3e58268224348cd0101a
      url: "https://pub.dev"
    source: hosted
    version: "61.0.0"
  adaptive_breakpoints:
    dependency: "direct main"
    description:
      name: adaptive_breakpoints
      sha256: "56dd5f1016f4d5732b80628d1b63a29d8c9cabe4d66a8a5fe63fdbec7b3af5cd"
      url: "https://pub.dev"
    source: hosted
    version: "0.1.7"
  analyzer:
    dependency: transitive
    description:
      name: analyzer
      sha256: ea3d8652bda62982addfd92fdc2d0214e5f82e43325104990d4f4c4a2a313562
      url: "https://pub.dev"
    source: hosted
    version: "5.13.0"
  flutter:
sdks:
  dart: ">=3.2.0 <4.0.0"
  flutter: ">=3.16.0"
